# Exact opened inputs for the Umber TeX Live 2025 LaTeX format.
# Fields: source <texmf-dist-relative-path> <bytes> <sha256>.
distribution texlive-2025
format_schema 7
source_date_epoch 1784066400
source fonts/tfm/public/cm/cmex10.tfm 992 0890bccea1dd4d27f001ac30e86c63af35bc803e0557c35aafb1903c8d208e92
source fonts/tfm/public/cm/cmmi10.tfm 1528 e442c5487f84df70218ff37f775c87060856f5b6e04c011b6cadbbadfcf46645
source fonts/tfm/public/cm/cmmi5.tfm 1508 8839e40838381a0a3c976bdd5becf72afd60bde5a965c3d9b985c3479c6cf75e
source fonts/tfm/public/cm/cmmi7.tfm 1528 ce55681703aae565f17286d800ea9780223132589bdbaeda1751b869aba26a38
source fonts/tfm/public/cm/cmr10.tfm 1296 87f2d8981927644cbecaf3d639e96e348ea4e7be49d8804468bd8ba9ff3f5244
source fonts/tfm/public/cm/cmr5.tfm 1220 581be818f67bd11a1792d05e129abe3ea30c5cbdfce3bed8da7c5fb50f5ba95b
source fonts/tfm/public/cm/cmr7.tfm 1300 28f9f4d237bdae4babef4a59d90f17686a09d6f9df0b2c3c23b2ba15f20eee82
source fonts/tfm/public/cm/cmsy10.tfm 1124 0ca13d421ac7133271aed7c935099ecf3d1d08ac9e15f81acb34a16564ab8a46
source fonts/tfm/public/cm/cmsy5.tfm 1112 6b7dc18cba9ca8996d7b146f1ed78d9227577b26248083310fec227692198ca5
source fonts/tfm/public/cm/cmsy7.tfm 1120 4f59bbf683e947c807158641621982dc83f55fec042fea7963d8ce9f9da98256
source fonts/tfm/public/latex-fonts/lcircle10.tfm 820 f5aaff47e226ff644ae94765b8d6012e0ffb6d62956993acac2f2dd4ad589929
source fonts/tfm/public/latex-fonts/lcirclew10.tfm 820 7906e4c5d770db4002740cba4d8194281b06d6fe7edd9d9949b60a291b753646
source fonts/tfm/public/latex-fonts/line10.tfm 748 250200d9efa885fecff118d72e5239adacd0783ccb00c4fb96fa677708ce5217
source fonts/tfm/public/latex-fonts/linew10.tfm 748 925de632e8afb641692c58bf6c464fb1aa79782212523532590dd6b91b78c40f
local tests/latex/language.dat 19 af5613362ab73ed05bd1554c300d78b4256eae3865ef88315856ccc0a73df2e5
source tex/generic/babel/hyphen.cfg 6461 402fa9a57546f67f24a4c047ee387e6d6a4bb74bddf8434f15d3b72bb3550788
source tex/generic/hyphen/hyphen.tex 27860 2c18acdc04c1a066aeb1759905e7ca449f0616c314b5ed6aebe55b9d4a89b8d4
source tex/generic/unicode-data/CaseFolding.txt 86092 6f1f9c588eb4a5c718d9e8f93b782685e5c7fec872cf05e8e6878053599e09bb
source tex/generic/unicode-data/GraphemeBreakProperty.txt 98751 c29360bd6f7132811d701d29069541e827eb44bfc4c8fbde8c370d6982689dc1
source tex/generic/unicode-data/SpecialCasing.txt 16809 8d5de354eef79f2395a54c9c7dcebbaf3d30fc962d0f85611ea97aa973a0c451
source tex/generic/unicode-data/UnicodeData.txt 2175362 ff58e5823bd095166564a006e47d111130813dcf8bf234ef79fa51a870edb48f
source tex/latex/base/atbegshi-ltx.sty 2963 27c4c97014158dbab3e6c5ddbdae9953ead40da7158e83a6d9aff571a6391577
source tex/latex/base/atveryend-ltx.sty 2378 848443ae8cd053c59629e5869d39edad1957ffa6ebc7901b4d3cccb3b7f7de6a
source tex/latex/base/fontmath.cfg 1978 1843954e57f3691adb0bb07d9fa843eb3ea056e04bedd1a492a755ce7562cb55
source tex/latex/base/fontmath.ltx 24944 d7368515628e9e6e4ede13eb985e6ad3dccab6976c023a1bef45e60acf0dc4cc
source tex/latex/base/fonttext.cfg 1978 76146164dcb6204316a1ae2e3efa2fd4794b0c2fdcea4ebddd1105e15f7bf227
source tex/latex/base/fonttext.ltx 3317 0db8597fc49853369a5b986884c7d0fec20246962b587799ae988e54d176cdae
source tex/latex/base/latex.ltx 678018 8420904f06764a8cc2ec81e13215c22fec8e599c269160dcc02ad84507851f32
source tex/latex/base/omlcmm.fd 2332 e0681a94d7d050054e80fb9f2d488e8c8cd05bcddda8a24abd85e48f6462ac11
source tex/latex/base/omlenc.def 1947 a4d1748fe1f6c05214b787dd04c41dfb84e4acdc3bc25db4218a62fd1d4a4c45
source tex/latex/base/omscmsy.fd 2262 29486e41444fffb963d8454a220aa80b507d2e798867aea7a4e50c7d40810293
source tex/latex/base/omsenc.def 2739 88bd8cdb412f742fbff1ead01b403d6f3405e1ba17daadfb30a8ad621b4970ba
source tex/latex/base/omsenc.dfu 1990 c2e604b1808969aa2d2ec2217105e8c4d55f5563541583798e858eca6cea7c71
source tex/latex/base/omxcmex.fd 2040 4794f162c9f328ae01a85d632da18bf5149f915958f677bbc5ff8c6a298d8331
source tex/latex/base/ot1cmr.fd 3705 c0519dd4765bbd696713d4825cb13bc7e96a96fdc9ee2079501cba00e232b0ec
source tex/latex/base/ot1cmss.fd 3152 496718763c3728117d19be4ea5a28f60cbe3e36bf59c101411774923c6655fa9
source tex/latex/base/ot1cmtt.fd 2909 614deabbbd3914169a17c9b0ad8d0885fef679db0d7ffe0ebb0ff2d30798cca4
source tex/latex/base/ot1enc.def 4693 e427d7b0c157cf29c4d9ee4d449cca10fd6292a12d4a765cda6acd37adc9617d
source tex/latex/base/ot1enc.dfu 3534 49546a5c2b9dac9b6fd1b88f77a17bf047268143774e59f26728068c6c0062bc
source tex/latex/base/preload.cfg 1977 9491d0ef1b1e6993e8150ff3efae5ec5c0a166549f37a91a1ee873da8ca932f2
source tex/latex/base/preload.ltx 2024 1f54b83e5ce511e375ac04399e8e4a5a79c897813ad47f25d317060de62cb96d
source tex/latex/base/t1cmr.fd 2569 7e50fbc42f64da3194e17dafefa2f7f7166fd4fed1c44eedfc2e1a5357e7e612
source tex/latex/base/t1cmss.fd 2641 7baf2a0df1f3e7ff3f286c117a0f2b5519494f681b25dc536adf5f7336196fd6
source tex/latex/base/t1cmtt.fd 2443 e673449acc838b508ec83ad8ac213c70beaeeb0374daa4226ec28cebd79f7516
source tex/latex/base/t1enc.def 10926 8f5323ae4a7f93dd5b16faa04d941c40d2c4498f0c43096ce676cac0bcc91352
source tex/latex/base/t1enc.dfu 12786 2b9d78a9402f0915485484a9a778073d18515a5299c054eb7c26d2e10b767c7d
source tex/latex/base/texsys.cfg 8067 a0986d94c81fd7ce2251695a1affc58060055ccc9430483e64a73f4aa5e53306
source tex/latex/base/ts1cmr.fd 2466 7e7a1d251a9bcbeadce179e7731710d8ebe308f5dd24dff7d16fcd6a6c67da42
source tex/latex/base/ts1cmss.fd 2411 ff0bf4aa034205784dafc6cec30a7a26e67f40d6035786f918f6b14cfccb63b8
source tex/latex/base/ts1cmtt.fd 2324 217325a82a349031f36d75342e8e02431dc94a770cee1b347a7e2324019cbd55
source tex/latex/base/ts1enc.def 8090 4f69a99eeffa5ac70ec245672756e47870b88b7be9cd1a48bc575bdbc2acef16
source tex/latex/base/ts1enc.dfu 5133 cd9aec2ee54900b244c8ee5c4faa1ea4e97f1668e49452e8a3bc173fb7351e03
source tex/latex/base/ucmr.fd 3680 db0bcaa76c20a89d8a47df51532cad944b48d57137c4676d1ebfbfc234957cb0
source tex/latex/base/utf8.def 11506 391ea8a922cedd4aab7f7843b0156e56192c9030ba93359679ea0d6de53b43c2
source tex/latex/l3kernel/expl3-code.tex 1300486 7e765c50730451ddf9f1d4dec8a167ba6a3af567325caacb6a74cde3e1e1cab7
source tex/latex/l3kernel/expl3.ltx 5639 5fe990d648915d271e08c1576f2e8f01ec72b0d769efce7f290915fab9bfbfeb
