# Exact opened inputs for the Umber TeX Live 2026 LaTeX format.
# Common fields: source|local <path> <bytes> <sha256>.
# pdfLaTeX-only fields: pdflatex-source|pdflatex-local <path> <bytes> <sha256>.
distribution texlive-2026-r79639
format_schema 10
source_date_epoch 1784066400
source fonts/tfm/public/cm/cmex10.tfm 992 0890bccea1dd4d27f001ac30e86c63af35bc803e0557c35aafb1903c8d208e92
source fonts/tfm/public/cm/cmmi10.tfm 1528 e442c5487f84df70218ff37f775c87060856f5b6e04c011b6cadbbadfcf46645
source fonts/tfm/public/cm/cmmi5.tfm 1508 8839e40838381a0a3c976bdd5becf72afd60bde5a965c3d9b985c3479c6cf75e
source fonts/tfm/public/cm/cmmi7.tfm 1528 ce55681703aae565f17286d800ea9780223132589bdbaeda1751b869aba26a38
source fonts/tfm/public/cm/cmr10.tfm 1296 87f2d8981927644cbecaf3d639e96e348ea4e7be49d8804468bd8ba9ff3f5244
source fonts/tfm/public/cm/cmr5.tfm 1220 581be818f67bd11a1792d05e129abe3ea30c5cbdfce3bed8da7c5fb50f5ba95b
source fonts/tfm/public/cm/cmr7.tfm 1300 28f9f4d237bdae4babef4a59d90f17686a09d6f9df0b2c3c23b2ba15f20eee82
source fonts/tfm/public/cm/cmsy10.tfm 1124 0ca13d421ac7133271aed7c935099ecf3d1d08ac9e15f81acb34a16564ab8a46
source fonts/tfm/public/cm/cmsy5.tfm 1112 6b7dc18cba9ca8996d7b146f1ed78d9227577b26248083310fec227692198ca5
source fonts/tfm/public/cm/cmsy7.tfm 1120 4f59bbf683e947c807158641621982dc83f55fec042fea7963d8ce9f9da98256
source fonts/tfm/public/latex-fonts/lcircle10.tfm 820 f5aaff47e226ff644ae94765b8d6012e0ffb6d62956993acac2f2dd4ad589929
source fonts/tfm/public/latex-fonts/lcirclew10.tfm 820 7906e4c5d770db4002740cba4d8194281b06d6fe7edd9d9949b60a291b753646
source fonts/tfm/public/latex-fonts/line10.tfm 748 250200d9efa885fecff118d72e5239adacd0783ccb00c4fb96fa677708ce5217
source fonts/tfm/public/latex-fonts/linew10.tfm 748 925de632e8afb641692c58bf6c464fb1aa79782212523532590dd6b91b78c40f
source tex/generic/atbegshi/atbegshi.sty 24708 a73003b4bb2dc8a814533ddbd31600e6626827799c2a465d03ef42e7a33fa71b
local tests/latex/language.dat 19 af5613362ab73ed05bd1554c300d78b4256eae3865ef88315856ccc0a73df2e5
source tex/generic/knuth-lib/null.tex 212 f97bbac8e7e0f3ff0cd1b9ac9cb42894ffe58464c6e05d0f566455a94d15d6f0
source tex/generic/babel/hyphen.cfg 6443 0451f25065b15542fb2703281ac8442739eb5d0658fb8c1a3be41a01e5c8be1b
source tex/generic/hyphen/hyphen.tex 27860 2c18acdc04c1a066aeb1759905e7ca449f0616c314b5ed6aebe55b9d4a89b8d4
source tex/generic/unicode-data/CaseFolding.txt 87539 ff8d8fefbf123574205085d6714c36149eb946d717a0c585c27f0f4ef58c4183
source tex/generic/unicode-data/GraphemeBreakProperty.txt 99377 d6b51d1d2ae5c33b451b7ed994b48f1f4dc62b2272a5831e7fd418514a6bae89
source tex/generic/unicode-data/SpecialCasing.txt 17049 efc25faf19de21b92c1194c111c932e03d2a5eaf18194e33f1156e96de4c9588
source tex/latex/atveryend/atveryend.sty 1695 2e84f857c2b0aa670d1d11588b14740bfed4a9f3dd816997e5da3372874e9eaa
source tex/generic/unicode-data/UnicodeData.txt 2198209 2e1efc1dcb59c575eedf5ccae60f95229f706ee6d031835247d843c11d96470c
source tex/generic/unicode-data/WordBreakProperty.txt 114445 72274cac1e6b919507db35655c3e175aa27274668a1ece95c28d2069f2ad9852
source tex/latex/base/atbegshi-ltx.sty 2963 b34349cb0b4912e48cc1dde127063f4cd7f1df1a3b4b317ab8961a33aa72ba70
source tex/latex/base/atveryend-ltx.sty 2378 76b645fd08a4095926fd771d0cd7c2e2d6965320a669254ae8f5a21592ea10ce
source tex/latex/base/fontmath.cfg 1978 ae5e9ac1f020ee74fa7825e0d2f428dfe3fa5c98f37b00066b71839ed960a677
source tex/latex/base/fontmath.ltx 24944 e5facb872e45c72f3a4d01a5aedc0a399ca5699b2335b2e4ed47f55c513f6af6
source tex/latex/base/fonttext.cfg 1978 b4f4f2fb630a20482fdfa94bbfad4df17ad5a7dc492cff64872a80d08aa997c2
source tex/latex/base/fonttext.ltx 3317 ad9f46c11dd78ccf9a423e8a23c25cc48af387f8a89be0314b3593e751868b10
source tex/latex/base/latex.ltx 776142 19d3b75884681539e1ef7a427af472bfe80d9ff214b84b9ca45e790d3e89c5c4
source tex/latex/base/omlcmm.fd 2332 89195f7d6daa891153ca16a48238bb40b5573132a908b460511ce23982c0f59e
source tex/latex/base/omlenc.def 1947 60b5828479c9a3dfaf67841015bd7299fc6699d1537c348bf9d78c63d2dbe9ea
source tex/latex/base/omscmsy.fd 2262 e0c713469339828aae6b96ffafb5f7caea083851ed1c80d07197e5d2fda0d190
source tex/latex/base/omsenc.def 2739 5d05fdac1fe96bb13dbb6425efa12160cfb34d0460b30025d8d1b966097059b4
source tex/latex/base/omsenc.dfu 1990 47a36f3c7c293fdaf8ee251ed32ecd31dfa461753780de5edc51075f025d856d
source tex/latex/base/omxcmex.fd 2040 4286b589e0ec839404b75a026f2afeba3cbdf747350573551114e5cfc0698ad3
source tex/latex/base/ot1cmr.fd 3705 06c5ce0ed2a9064726a39c73cbc44901c618ff458a69240dc571a8d12283df91
source tex/latex/base/ot1cmss.fd 3152 ea563e4c38ddfb4422ad11c44fe8777a7c51b2d0363551c66854adf3fd629878
source tex/latex/base/ot1cmtt.fd 2909 74c5baa993b53b2feefeb69daf0e91f58e3b4add566547037b99311cdc996c57
source tex/latex/base/ot1enc.def 4781 6e87d43eff46b758454c369a4bf3f1840b3f72b5a124d3d9012597bcfd10e583
source tex/latex/base/ot1enc.dfu 3534 e20c5d80bd39e63cc64d72a7171169e96ee160e79f9545107f8d39990e501a06
source tex/latex/base/preload.cfg 1977 2baa2e90ca6379f852a342f40f46bd99f52c0a03b4594b9842cb3165a82a839f
source tex/latex/base/preload.ltx 2024 8966df9da3e16249fa92432dc9ca92e415f37913c5c42c1d25212e90c77a6eb1
source tex/latex/base/t1cmr.fd 2569 2844cb0a86e442203368df7d38596928ab0835f9d86b156df71ea8bcea19dbe8
source tex/latex/base/t1cmss.fd 2641 31241cf731311c10605f252f4b8f5dbe0a15f64dbe71b826989610c1eaab72d2
source tex/latex/base/t1cmtt.fd 2443 5c2519efd89dfba68f5f44721fe58a66b30fef487b4f24b2d59e363fb364f6c7
source tex/latex/base/t1enc.def 11012 a59c5df4e74e6076a3cebb4654789ae05f962850c2dfcb5bee642abdf5a34c50
source tex/latex/base/t1enc.dfu 12786 ee00b9e01a12589ca36b1a5a694ff9c664689ddd1d67552ac22034605ca9b340
source tex/latex/base/texsys.cfg 8067 a0986d94c81fd7ce2251695a1affc58060055ccc9430483e64a73f4aa5e53306
source tex/latex-dev/firstaid/latex2e-first-aid-for-external-files.ltx 14054 c9cacc935db240c8c2f63efe3d699be5b72c4b54367dfac0c50a7e730dcbbe63
source tex/latex/base/ts1cmr.fd 2466 74001f3f1974bafb0fe949f422bb69ac1be8ae75844670e92aed82d140aabe4f
source tex/latex/base/ts1cmss.fd 2411 3f841a8fe835a03aa7c2d374fdb87a96c6d215a70872f1d26296a6453178a597
source tex/latex/base/ts1cmtt.fd 2324 f482d54f5b8dc66bb51268c88415340a609c1cd319ac4937a33816cd2baa8248
source tex/latex/base/ts1enc.def 8090 b04bd3e5c6356522c91eb5cef7f6537f8ef78bc9a92be2d7c81688e996594dc7
source tex/latex/base/ts1enc.dfu 5133 45a539bf1cfdffd182de3b0c236f21622f78c1af7636d1d1dd7551a49dfa716a
source tex/latex/base/ucmr.fd 3680 2d1c0d25eab26d93002096f17e77314d0b2c00fdd832bd87e5905b3cb049cac3
source tex/latex/base/utf8.def 11506 18771d2fd45481372d56d60aaa1d6883dffc92ea29a5c6e81f1a6b3db3b1cf45
source tex/latex/l3kernel/expl3-code.tex 1382135 f32e3b68513ff880ad4aaa2822df00526f73b28bc008fa0d4ae11aa74c53945d
source tex/latex/l3kernel/expl3.ltx 5632 822839097244afbd63ee1bfdf17f079717e35c349a77aa13437aaf7b7f62b31b
pdflatex-source tex/latex/tex-ini-files/pdflatex.ini 130 ee7cfc155f6121a97fef60881d972d7a900c9267909d476da0698e1954d49d03
pdflatex-local tests/latex/pdftexconfig.tex 284 b8f7665c57a0c4a69629a93b982241422fc07e7f888560acd0b12ad3cbc34c35
pdflatex-source tex/generic/pdftex/glyphtounicode.tex 216747 395e568c1f4db5e89013e6aa4aac22a668b543256a20b4349436070356870851
