# Exact opened inputs for the Umber TeX Live 2026 LaTeX format.
# Common fields: source|local <path> <bytes> <sha256>.
# pdfLaTeX-only fields: pdflatex-source|pdflatex-local <path> <bytes> <sha256>.
distribution texlive-20260301-texmf
format_schema 10
source_date_epoch 1772323200
source fonts/tfm/public/cm/cmex10.tfm 992 0890bccea1dd4d27f001ac30e86c63af35bc803e0557c35aafb1903c8d208e92
source fonts/tfm/public/cm/cmmi10.tfm 1528 e442c5487f84df70218ff37f775c87060856f5b6e04c011b6cadbbadfcf46645
source fonts/tfm/public/cm/cmmi5.tfm 1508 8839e40838381a0a3c976bdd5becf72afd60bde5a965c3d9b985c3479c6cf75e
source fonts/tfm/public/cm/cmmi7.tfm 1528 ce55681703aae565f17286d800ea9780223132589bdbaeda1751b869aba26a38
source fonts/tfm/public/cm/cmr10.tfm 1296 87f2d8981927644cbecaf3d639e96e348ea4e7be49d8804468bd8ba9ff3f5244
source fonts/tfm/public/cm/cmr5.tfm 1220 581be818f67bd11a1792d05e129abe3ea30c5cbdfce3bed8da7c5fb50f5ba95b
source fonts/tfm/public/cm/cmr7.tfm 1300 28f9f4d237bdae4babef4a59d90f17686a09d6f9df0b2c3c23b2ba15f20eee82
source fonts/tfm/public/cm/cmsy10.tfm 1124 0ca13d421ac7133271aed7c935099ecf3d1d08ac9e15f81acb34a16564ab8a46
source fonts/tfm/public/cm/cmsy5.tfm 1112 6b7dc18cba9ca8996d7b146f1ed78d9227577b26248083310fec227692198ca5
source fonts/tfm/public/cm/cmsy7.tfm 1120 4f59bbf683e947c807158641621982dc83f55fec042fea7963d8ce9f9da98256
source fonts/tfm/public/latex-fonts/lcircle10.tfm 820 f5aaff47e226ff644ae94765b8d6012e0ffb6d62956993acac2f2dd4ad589929
source fonts/tfm/public/latex-fonts/lcirclew10.tfm 820 7906e4c5d770db4002740cba4d8194281b06d6fe7edd9d9949b60a291b753646
source fonts/tfm/public/latex-fonts/line10.tfm 748 250200d9efa885fecff118d72e5239adacd0783ccb00c4fb96fa677708ce5217
source fonts/tfm/public/latex-fonts/linew10.tfm 748 925de632e8afb641692c58bf6c464fb1aa79782212523532590dd6b91b78c40f
source tex/generic/atbegshi/atbegshi.sty 24708 a73003b4bb2dc8a814533ddbd31600e6626827799c2a465d03ef42e7a33fa71b
local tests/latex/language.dat 19 af5613362ab73ed05bd1554c300d78b4256eae3865ef88315856ccc0a73df2e5
source tex/generic/knuth-lib/null.tex 212 f97bbac8e7e0f3ff0cd1b9ac9cb42894ffe58464c6e05d0f566455a94d15d6f0
source tex/generic/babel/hyphen.cfg 6443 0d9fb6f76b78b80a13c8b07e07be419c9a4b04fc0c2f140119145e42e2014b00
source tex/generic/hyphen/hyphen.tex 27860 2c18acdc04c1a066aeb1759905e7ca449f0616c314b5ed6aebe55b9d4a89b8d4
source tex/generic/unicode-data/CaseFolding.txt 87539 ff8d8fefbf123574205085d6714c36149eb946d717a0c585c27f0f4ef58c4183
source tex/generic/unicode-data/GraphemeBreakProperty.txt 99377 d6b51d1d2ae5c33b451b7ed994b48f1f4dc62b2272a5831e7fd418514a6bae89
source tex/generic/unicode-data/SpecialCasing.txt 17049 efc25faf19de21b92c1194c111c932e03d2a5eaf18194e33f1156e96de4c9588
source tex/latex/atveryend/atveryend.sty 1695 2e84f857c2b0aa670d1d11588b14740bfed4a9f3dd816997e5da3372874e9eaa
source tex/generic/unicode-data/UnicodeData.txt 2198209 2e1efc1dcb59c575eedf5ccae60f95229f706ee6d031835247d843c11d96470c
source tex/generic/unicode-data/WordBreakProperty.txt 114445 72274cac1e6b919507db35655c3e175aa27274668a1ece95c28d2069f2ad9852
source tex/latex/base/atbegshi-ltx.sty 2963 27c4c97014158dbab3e6c5ddbdae9953ead40da7158e83a6d9aff571a6391577
source tex/latex/base/atveryend-ltx.sty 2378 848443ae8cd053c59629e5869d39edad1957ffa6ebc7901b4d3cccb3b7f7de6a
source tex/latex/base/fontmath.cfg 1978 453562f623cd0bbf738f0811e3432f02aff2d39ef1fb3d2d979bdf356fe1ba25
source tex/latex/base/fontmath.ltx 24944 9fd31d60ad1ecf79be9a44693eaba6c20bf1a780e41efbe9ace8bc0417c3737a
source tex/latex/base/fonttext.cfg 1978 06a5278ca8b02a4b1660011a2745060ef53045f2224c8e006ab7ef5b291d9c39
source tex/latex/base/fonttext.ltx 3317 d0eae62e8fb5164f93c14cfe61b09545d59e56317bf37d23ac7952c07b802d91
source tex/latex/base/latex.ltx 765547 95c2ef02c2d92aa29e4a77a5e5a7d9f25b5589143d1e879fb80ffa0b20be1e6d
source tex/latex/base/omlcmm.fd 2332 e0681a94d7d050054e80fb9f2d488e8c8cd05bcddda8a24abd85e48f6462ac11
source tex/latex/base/omlenc.def 1947 9fbe93cc1bd098b73a2b9baeb18fcda1daeb05629b86150e29974a6b02b3253b
source tex/latex/base/omscmsy.fd 2262 29486e41444fffb963d8454a220aa80b507d2e798867aea7a4e50c7d40810293
source tex/latex/base/omsenc.def 2739 bc16b36cf9589d086d67d8dfe68779e4ee2e3e38cc198e6e9f8855d4356850e7
source tex/latex/base/omsenc.dfu 1990 c2e604b1808969aa2d2ec2217105e8c4d55f5563541583798e858eca6cea7c71
source tex/latex/base/omxcmex.fd 2040 4794f162c9f328ae01a85d632da18bf5149f915958f677bbc5ff8c6a298d8331
source tex/latex/base/ot1cmr.fd 3705 c0519dd4765bbd696713d4825cb13bc7e96a96fdc9ee2079501cba00e232b0ec
source tex/latex/base/ot1cmss.fd 3152 496718763c3728117d19be4ea5a28f60cbe3e36bf59c101411774923c6655fa9
source tex/latex/base/ot1cmtt.fd 2909 614deabbbd3914169a17c9b0ad8d0885fef679db0d7ffe0ebb0ff2d30798cca4
source tex/latex/base/ot1enc.def 4781 aae56e6438e717dfea948a3d92210fa1feac4c4e8e54ff8dcbf4bd863977879e
source tex/latex/base/ot1enc.dfu 3534 49546a5c2b9dac9b6fd1b88f77a17bf047268143774e59f26728068c6c0062bc
source tex/latex/base/preload.cfg 1977 6d041ac05f2357153f291a90b725ab674fa9d721408ec10e6113261bbbdbe121
source tex/latex/base/preload.ltx 2024 1f54b83e5ce511e375ac04399e8e4a5a79c897813ad47f25d317060de62cb96d
source tex/latex/base/t1cmr.fd 2569 7e50fbc42f64da3194e17dafefa2f7f7166fd4fed1c44eedfc2e1a5357e7e612
source tex/latex/base/t1cmss.fd 2641 7baf2a0df1f3e7ff3f286c117a0f2b5519494f681b25dc536adf5f7336196fd6
source tex/latex/base/t1cmtt.fd 2443 e673449acc838b508ec83ad8ac213c70beaeeb0374daa4226ec28cebd79f7516
source tex/latex/base/t1enc.def 11012 423d5dfaa6283806e22229e6885fa39d3c77d264671ad4f51083004f6c4c4d0a
source tex/latex/base/t1enc.dfu 12786 2b9d78a9402f0915485484a9a778073d18515a5299c054eb7c26d2e10b767c7d
source tex/latex/base/texsys.cfg 8067 a0986d94c81fd7ce2251695a1affc58060055ccc9430483e64a73f4aa5e53306
source tex/latex-dev/firstaid/latex2e-first-aid-for-external-files.ltx 14019 da3142f2495d4b2106eb74263f0ce86771e3a84d26048b0d30c23aafe185eeed
source tex/latex/base/ts1cmr.fd 2466 7e7a1d251a9bcbeadce179e7731710d8ebe308f5dd24dff7d16fcd6a6c67da42
source tex/latex/base/ts1cmss.fd 2411 ff0bf4aa034205784dafc6cec30a7a26e67f40d6035786f918f6b14cfccb63b8
source tex/latex/base/ts1cmtt.fd 2324 217325a82a349031f36d75342e8e02431dc94a770cee1b347a7e2324019cbd55
source tex/latex/base/ts1enc.def 8090 4f69a99eeffa5ac70ec245672756e47870b88b7be9cd1a48bc575bdbc2acef16
source tex/latex/base/ts1enc.dfu 5133 cd9aec2ee54900b244c8ee5c4faa1ea4e97f1668e49452e8a3bc173fb7351e03
source tex/latex/base/ucmr.fd 3680 db0bcaa76c20a89d8a47df51532cad944b48d57137c4676d1ebfbfc234957cb0
source tex/latex/base/utf8.def 11506 391ea8a922cedd4aab7f7843b0156e56192c9030ba93359679ea0d6de53b43c2
source tex/latex/l3kernel/expl3-code.tex 1358682 6e10e25b7e9a4b4f1736992a4915d6d716d9cdc40e5f12d4da0b355f9dc4339f
source tex/latex/l3kernel/expl3.ltx 5632 ea885c3e350b03bf79b6a556a496ee342a68784ce4c0127f5f89444b82967186
pdflatex-source tex/latex/tex-ini-files/pdflatex.ini 130 fbdd461feb0f9579b7c0f9b300685c11fe4d5e963b3adfc25d756f35fbc13799
pdflatex-local tests/latex/pdftexconfig.tex 284 b8f7665c57a0c4a69629a93b982241422fc07e7f888560acd0b12ad3cbc34c35
pdflatex-source tex/generic/pdftex/glyphtounicode.tex 216747 395e568c1f4db5e89013e6aa4aac22a668b543256a20b4349436070356870851
