# SHA-256 allowlist copied into linked worktrees by scripts/provision.py.
# Paths are repository-relative. Update only through audited fixture regeneration.
bcaa10b08e9300ef1bc32fc22b834a29aca41e835e9d1d7e2090125bab04f4f8 target/pdftex14029-reference-format/pdflatex-format.json
d557a9b8d7de1ff9bc5a570830701417d32f09b300f0188f9a18a485aaf1ff8e target/pdftex14029-reference-format/pdflatex.fmt
85cc5b607f1d355e0c2d20158646ce976384dbf823c91a2895b4134124b7d89c tests/corpus/e2e/story.expected.dvi
04f86e97e8264f9b8ce35dc1e9df27f2b075ca85365af71acc5fe1478399866b tests/corpus/e2e/gentle.expected.dvi
a48cec413b485403e11d35e24122aa747b3e3863a151c257fcec026580a78bf9 tests/corpus/e2e/trip.expected.dvi
65214db66750ccf50fdb10fecc378535817b944f2223b9660612554b744c1ecb tests/corpus/e2e/etrip.expected.dvi
f952344357602839acbad6e64abc38a649e039a8ab8313608daeb31e06c129c8 target/trip-oracles/trip/initex-command.jsonl
a46734b46b028e6b7fee6df1bd39cc17423b3133d8550832a9b2b43f21abf7a2 target/trip-oracles/trip/initex-geometry.jsonl
b2ba3d05f6585571a02b77adaad1bf40ca5b4d1887c2465e40e49983dda29d39 target/trip-oracles/trip/initex-terminal.txt
b585ef49b82b6d370789469de2f8e36c40cda516d138f81f875d515950f09c50 target/trip-oracles/trip/initex.log
1d4a6705f09d4c80c2bdc7aa3d1273cd09af1bc9341eba3c70c9c1ae04b863c1 target/trip-oracles/trip/format-loaded-command.jsonl
91e5b395a9ac632eaded1046df16a2211b23d9e38c1ad6f846ff0a215ca59d25 target/trip-oracles/trip/format-loaded-geometry.jsonl
a00ccbcebfedcbd4e57d63e9c8bb5727bfc986975712c8fdc5ce4191c3eb25ac target/trip-oracles/trip/format-loaded-terminal.txt
6a08200237cae97cc92666824f74c7ed5bb41ed081061927854a3b3fe92cf24f target/trip-oracles/trip/format-loaded.log
57f99e583809f65cc8689783e0e8d22f7b75354faa0c8b6400fcb0e2ebe720f1 target/trip-oracles/etrip/initex-command.jsonl
d54da8bc46788d48cefb2c85b5bb87b7a88291bc4860e8779e57b938a0c637b0 target/trip-oracles/etrip/initex-geometry.jsonl
a0a559295ef0cfc914d32d7a90fd0ca524ad07c645a652a3fedc6879f5f8902b target/trip-oracles/etrip/initex-terminal.txt
6012d75fec7892fb15110fa9e5fac197170d1fa75ad75db2ededf0bd65db886a target/trip-oracles/etrip/initex.log
a1133162ec210244d87c2e6f06028ccae1cffec423e4802ed6e92bf574811e1e target/trip-oracles/etrip/format-loaded-command.jsonl
7bad29074d9f62af2895c1673356dae79329113a6aadacd2af59f0a2ba75e2a3 target/trip-oracles/etrip/format-loaded-geometry.jsonl
dc7ab0835d868d7f1c79cbf8f4ce6f23c052b6be7348e36a7a5a2c8fb1247ad7 target/trip-oracles/etrip/format-loaded-terminal.txt
0051e60f43675dad1b39b221e9264cbb78d32ef1149000f9746b2f135877b89a target/trip-oracles/etrip/format-loaded.log
7c1223b880fa513542a616b86c4fa02d5ee703839427951982d7e311fd9049b2 third_party/corpus/plain.tex
592939f339e78d7faca19c75017ec338db7c9efdea085c4374e5b13909cc8ec6 third_party/corpus/story.tex
b3e1acf4a6feb6a13b0ace279a5be7f1546ac2198452188f6fb22b4eb590ba3f third_party/corpus/gentle.tex
include-texlive tests/conformance-texlive.lock
15f15c2ca1470085299056ec89dea5f51e9fe9303ef25581b2f2eaf7809ae97b third_party/trip/trip.tex
2c94bdba9c769e885f357823a183aaa5d2267731075f040f2a03cf6442a26181 third_party/trip/trip.tfm
ea7447c7a8f2de278d2f84474f22c48c9d8a0059d7e16edd578d0bbe7077b47f third_party/trip/tripos.tex
d26a8f6ebe0da761a30f6b9fdd14dcf879e7505731bb3c4c895cedb60082ae2f third_party/trip/etrip.tex
4da194f5574a37eadf0fcfac4ec1b477474406076db570a302f4abcdafc22363 third_party/trip/etripin.log
0e484529c85e21352a38cda3520f8e9b74454770952bb00d79ccd54cbae12f00 third_party/trip/etrip.log
91d7c869f3d50d4e1cd82d7da47c605617149abc4f0f6cc4d03986e8b8b08504 third_party/trip/etrip.fot
0c8fce1dd4c9b867cc5534f06497ec8ba9e9e4effa80790de5a62d79e7a2351f third_party/trip/etrip.typ
4e35f0380c9eb0c2b61e3398ad6e508632654a94c14ba760792a9ab994413aca third_party/trip/etrip.out
