# SHA-256 allowlist copied into linked worktrees by scripts/native-test-assets.py.
# Paths are repository-relative. Update only through audited fixture regeneration.
85cc5b607f1d355e0c2d20158646ce976384dbf823c91a2895b4134124b7d89c tests/corpus/e2e/story.expected.dvi
04f86e97e8264f9b8ce35dc1e9df27f2b075ca85365af71acc5fe1478399866b tests/corpus/e2e/gentle.expected.dvi
a48cec413b485403e11d35e24122aa747b3e3863a151c257fcec026580a78bf9 tests/corpus/e2e/trip.expected.dvi
65214db66750ccf50fdb10fecc378535817b944f2223b9660612554b744c1ecb tests/corpus/e2e/etrip.expected.dvi
f952344357602839acbad6e64abc38a649e039a8ab8313608daeb31e06c129c8 target/trip-oracles/trip/initex-command.jsonl
d9c508dffa1fb197adbe69201470f56ea96227381518ad32394df65beb4e0533 target/trip-oracles/trip/initex-geometry.jsonl
eb31ff027c9d9f455f5d369ad59925f4235a53ad06f3af2b568ded99e71d2b12 target/trip-oracles/trip/initex-terminal.txt
664d5975c7aab7186b7c783517e79964b7c559d89929480092d740659bae1a13 target/trip-oracles/trip/initex.log
1d4a6705f09d4c80c2bdc7aa3d1273cd09af1bc9341eba3c70c9c1ae04b863c1 target/trip-oracles/trip/format-loaded-command.jsonl
7b3af58455e2e2dabda521acda24b69114ec81eb4400bec42511afbf8cce1006 target/trip-oracles/trip/format-loaded-geometry.jsonl
91d3ce356c62f1366f78704b06ae9701cf60952dc25bbdf233bb519702354c5a target/trip-oracles/trip/format-loaded-terminal.txt
fc398a0446fb28604b36d1bab0500c3c6c576cf779d4e1a9a7ee46311fa2cc30 target/trip-oracles/trip/format-loaded.log
57f99e583809f65cc8689783e0e8d22f7b75354faa0c8b6400fcb0e2ebe720f1 target/trip-oracles/etrip/initex-command.jsonl
d54da8bc46788d48cefb2c85b5bb87b7a88291bc4860e8779e57b938a0c637b0 target/trip-oracles/etrip/initex-geometry.jsonl
51e8280e103a9db443679dacac683deeeae872ad0dea5800d28e85abeb3a1049 target/trip-oracles/etrip/initex-terminal.txt
2f0a7df2851866d556daa2058c927e7f10da246b38dc520335fea40a20fe6240 target/trip-oracles/etrip/initex.log
3a7ba88fd22f90138e916768fd76de2be55c4f968e6b2a7b5f1c92ffee140e1d target/trip-oracles/etrip/format-loaded-command.jsonl
7bad29074d9f62af2895c1673356dae79329113a6aadacd2af59f0a2ba75e2a3 target/trip-oracles/etrip/format-loaded-geometry.jsonl
8e2668cd9b9ddf1b679dc514742611db3d6b7f49e422e84b220c8d86991c75c9 target/trip-oracles/etrip/format-loaded-terminal.txt
41f17bcc75d7ac4dadd484a170d42ea8b7c6dcd88f8f21a83c7ab839f53202fc target/trip-oracles/etrip/format-loaded.log
7c1223b880fa513542a616b86c4fa02d5ee703839427951982d7e311fd9049b2 third_party/corpus/plain.tex
592939f339e78d7faca19c75017ec338db7c9efdea085c4374e5b13909cc8ec6 third_party/corpus/story.tex
b3e1acf4a6feb6a13b0ace279a5be7f1546ac2198452188f6fb22b4eb590ba3f third_party/corpus/gentle.tex
2c18acdc04c1a066aeb1759905e7ca449f0616c314b5ed6aebe55b9d4a89b8d4 third_party/hyphen/hyphen.tex
b5a0bf8a30db124f56f4e48237b510be6b1a78886da1540f2394ddfaf3186c25 third_party/fonts/cmbsy10.tfm
ae296e8e41b2b0f73e9a17fdc42c743b9ddcc58d23c30acaa3411206f7824780 third_party/fonts/cmbx10.tfm
a746151d8e3a521965bbfae2666e1528374a514375daa7d620e9b89ebbbfb0ae third_party/fonts/cmbx5.tfm
38ded79d7cce07fa28921f37f6b88e67bd86951a3e5af709c219d63454786ce1 third_party/fonts/cmbx6.tfm
e7b284f0ee98b7773be9b57ca652b4bb14391370509a424b5b62b06b5cae86e4 third_party/fonts/cmbx7.tfm
6dab44c885b7cbf567771d9cfa565f3df34d0e8124132b9b6f9fdc496a1c2eda third_party/fonts/cmbx8.tfm
9fb9cbe254c828bc6bdcc0ca66f81b6cb9b713edf0ef1b7fa67e231920112499 third_party/fonts/cmbx9.tfm
0d691f70f365e55b83096764fe0c65338842d704bd5b979ed0c6882f9e17ce0d third_party/fonts/cmcsc10.tfm
a94093bba5082a6e63fc95dd9bf4d10a8152a2a5f9e3913ab04dd6f60974d843 third_party/fonts/cmdunh10.tfm
0890bccea1dd4d27f001ac30e86c63af35bc803e0557c35aafb1903c8d208e92 third_party/fonts/cmex10.tfm
e442c5487f84df70218ff37f775c87060856f5b6e04c011b6cadbbadfcf46645 third_party/fonts/cmmi10.tfm
8839e40838381a0a3c976bdd5becf72afd60bde5a965c3d9b985c3479c6cf75e third_party/fonts/cmmi5.tfm
ab6ecb4aaba9ca1b4259b1d1f64309a785bbaeb09183fd79a066b7764a448a28 third_party/fonts/cmmi6.tfm
ce55681703aae565f17286d800ea9780223132589bdbaeda1751b869aba26a38 third_party/fonts/cmmi7.tfm
65af8c1e162a952cab8e93c834fcf43ce09b508e6c16e512ebb673cd850b0d41 third_party/fonts/cmmi8.tfm
20672649a2f07eef8fe07ccb42eeb731023e48f2e0797ecef57c0887da46c032 third_party/fonts/cmmi9.tfm
4465d20955917959c68d0254647e5caba1f38c4516a1fd212eab2da9b8645874 third_party/fonts/cmmib10.tfm
87f2d8981927644cbecaf3d639e96e348ea4e7be49d8804468bd8ba9ff3f5244 third_party/fonts/cmr10.tfm
581be818f67bd11a1792d05e129abe3ea30c5cbdfce3bed8da7c5fb50f5ba95b third_party/fonts/cmr5.tfm
106afa9172f0c00e58b9f5cbc72b302a18aaeeaddf50caca145af9cc0b81afd2 third_party/fonts/cmr6.tfm
28f9f4d237bdae4babef4a59d90f17686a09d6f9df0b2c3c23b2ba15f20eee82 third_party/fonts/cmr7.tfm
4c5ae243ac0aa254e7ec7f0602cc2a4351e5011ff0cb6dc150a5f6de19585de6 third_party/fonts/cmr8.tfm
2ffa73e8446c1d46c3509a0f65ff97d4d09de46f48e1ce578a1004498b67dba9 third_party/fonts/cmr9.tfm
dcbfc25c5aac16dc2b820e089a00aedef20a1af6d8d3c2efa54f6f17a985d33f third_party/fonts/cmsl10.tfm
581080f4ebd96f58b4b6f774ea2882f5e83fef7c932647a7c957f7e8db1f7823 third_party/fonts/cmsl8.tfm
bb0f9deb6852caed902cb04bfc8e8333345a37946bd0b6bd56d11848e729d3ca third_party/fonts/cmsl9.tfm
c093023e8958e30678808a843f4f4248f5ab609f8994182fded845590fe19cc3 third_party/fonts/cmsltt10.tfm
431472f34665b6243a32936215f2e17d1f124cdf8513e86e2bedc4c3de3f980b third_party/fonts/cmss10.tfm
59fcefaa9436cb00b1579a549b4a16b38606bb1b6138743d05ea35a74f168f54 third_party/fonts/cmssbx10.tfm
9faee1d46e86de1eb7a8f7a53522d15fa8f06e75d292d8e6989dfcd252b322c7 third_party/fonts/cmssi10.tfm
a813de9f318949969010f4a363b2c3076e5cefa4436e779404453b2c34435504 third_party/fonts/cmssq8.tfm
78673efe5657b8a293e160c0ac88834778cf9a5ed1922a0bfcca3f5562c17f88 third_party/fonts/cmssqi8.tfm
0ca13d421ac7133271aed7c935099ecf3d1d08ac9e15f81acb34a16564ab8a46 third_party/fonts/cmsy10.tfm
6b7dc18cba9ca8996d7b146f1ed78d9227577b26248083310fec227692198ca5 third_party/fonts/cmsy5.tfm
137eb9f38f661c66309614066a7b5d63d8969d33aba0c9efee9f844a4ce65b50 third_party/fonts/cmsy6.tfm
4f59bbf683e947c807158641621982dc83f55fec042fea7963d8ce9f9da98256 third_party/fonts/cmsy7.tfm
84c37f07ca360c41ad0a0fba7387d279d72457c69bdae03653208c683d8de6bc third_party/fonts/cmsy8.tfm
b57c5c42a7991a004ee1b40b340d7bd12cc75ab0a6f7daf7a207827504f91712 third_party/fonts/cmsy9.tfm
46a66e937f809c4fbe317947b583a14b408aca41ecb835eca3be46391190432a third_party/fonts/cmti10.tfm
78921699d46fd39b25e2e3ea08b96d9c3ad9c858a6ad2cc1aa60204a36ce88f0 third_party/fonts/cmti7.tfm
7a212edaa5bbb6898b6196e32a5753811dc3295a18b9bcd9c727c23ce0c21a4e third_party/fonts/cmti8.tfm
bae91797b96e40fbeb97e2ea3184070e7cf707b72422c7c107edf1d1d5a10abb third_party/fonts/cmti9.tfm
11f3331c958b696fd484fe45c28285622617a2593d7a34511a1d6b279e1578a2 third_party/fonts/cmtt10.tfm
62f6142387fe8d4be3ba2d46034e76fd6c3fc1d22ab44663a4eaa3f42b97039e third_party/fonts/cmtt8.tfm
2989dbdeed1533cdeba5dcd0edee59c4509b5c934b3db8847de78d8c94a9966d third_party/fonts/cmtt9.tfm
7896645187499d599c330a8cbebc4ba1e21fa88b4ad46a86ef3db53cfa39b6f7 third_party/fonts/cmu10.tfm
74b8999aada95b6c45d8a8846c3e210050383a852322518a109e98a54ac5a4ad third_party/fonts/manfnt.tfm
15f15c2ca1470085299056ec89dea5f51e9fe9303ef25581b2f2eaf7809ae97b third_party/trip/trip.tex
2c94bdba9c769e885f357823a183aaa5d2267731075f040f2a03cf6442a26181 third_party/trip/trip.tfm
ea7447c7a8f2de278d2f84474f22c48c9d8a0059d7e16edd578d0bbe7077b47f third_party/trip/tripos.tex
d26a8f6ebe0da761a30f6b9fdd14dcf879e7505731bb3c4c895cedb60082ae2f third_party/trip/etrip.tex
