# Immutable content identities for the repository-pinned 2026-03-01 TeX Live
# runtime tree. The tree digest covers exactly the publisher-supported runtime
# files; source records make compatibility-critical selections reviewable.
distribution texlive-20260301-texmf
tree_ahash64 1cd780f1ca7b3648
source tex/latex-dev/base/latex.ltx 768514 d3362038dc2c0e1af921065473b5baac03b49d2763ad85d7337fe2384d5d04ae
source tex/latex-dev/firstaid/latex2e-first-aid-for-external-files.ltx 14019 da3142f2495d4b2106eb74263f0ce86771e3a84d26048b0d30c23aafe185eeed
source tex/latex-dev/tools/array.sty 17686 dfbd0638fed1cc21180bd9b3ebd91afd2049827a1491dfea8e5d2d95410459c1
source tex/latex-dev/l3kernel/expl3-code.tex 1363416 58f9d7d453fbae369db0f07140ebc83677530fd4fe32c7f742db0690464a5ee3
source tex/latex-dev/l3kernel/expl3.ltx 5632 1f4f24f4f3a990aca849814c3e5c182e4a9b044e060a6a52d91e2417a03a1df0
source tex/latex-dev/l3kernel/expl3.sty 6558 43541de90b927af352c29d036089a85c8815bb97ea75d9a1cd3233809aab9f61
source fonts/map/pdftex/updmap/pdftex.map 5541360 622cafc1a370ada71b298ee0396620bc49decb82c7472a5daa75124612f57f0b
